
Microsoft Visual Studio Solution File, Format Version 12.00
# Visual Studio Version 16
VisualStudioVersion = 16.0.30413.136
MinimumVisualStudioVersion = 10.0.40219.1
Project("{FAE04EC0-301F-11D3-BF4B-00C04F79EFBC}") = "twillio-netcore", "twillio-netcore.csproj", "{31D44F33-FE7D-4365-B917-0B9BCBA6EA43}"
EndProject
Global
	GlobalSection(SolutionConfigurationPlatforms) = preSolution
		Debug|Any CPU = Debug|Any CPU
		Release|Any CPU = Release|Any CPU
	EndGlobalSection
	GlobalSection(ProjectConfigurationPlatforms) = postSolution
		{31D44F33-FE7D-4365-B917-0B9BCBA6EA43}.Debug|Any CPU.ActiveCfg = Debug|Any CPU
		{31D44F33-FE7D-4365-B917-0B9BCBA6EA43}.Debug|Any CPU.Build.0 = Debug|Any CPU
		{31D44F33-FE7D-4365-B917-0B9BCBA6EA43}.Release|Any CPU.ActiveCfg = Release|Any CPU
		{31D44F33-FE7D-4365-B917-0B9BCBA6EA43}.Release|Any CPU.Build.0 = Release|Any CPU
	EndGlobalSection
	GlobalSection(SolutionProperties) = preSolution
		HideSolutionNode = FALSE
	EndGlobalSection
	GlobalSection(ExtensibilityGlobals) = postSolution
		SolutionGuid = {F57FE53D-7EFD-4365-B427-3EDF26D6E6C8}
	EndGlobalSection
EndGlobal
